
Microsoft Visual Studio Solution File, Format Version 12.00
# Visual Studio 15
VisualStudioVersion = 15.0.28010.2016
MinimumVisualStudioVersion = 10.0.40219.1
Project("{FAE04EC0-301F-11D3-BF4B-00C04F79EFBC}") = "ConsoleApp2", "ConsoleApp2\ConsoleApp2.csproj", "{216C5FBA-3FF4-4A3B-838B-F9F21F9A4C90}"
EndProject
Global
	GlobalSection(SolutionConfigurationPlatforms) = preSolution
		Debug|Any CPU = Debug|Any CPU
		Release|Any CPU = Release|Any CPU
	EndGlobalSection
	GlobalSection(ProjectConfigurationPlatforms) = postSolution
		{216C5FBA-3FF4-4A3B-838B-F9F21F9A4C90}.Debug|Any CPU.ActiveCfg = Debug|Any CPU
		{216C5FBA-3FF4-4A3B-838B-F9F21F9A4C90}.Debug|Any CPU.Build.0 = Debug|Any CPU
		{216C5FBA-3FF4-4A3B-838B-F9F21F9A4C90}.Release|Any CPU.ActiveCfg = Release|Any CPU
		{216C5FBA-3FF4-4A3B-838B-F9F21F9A4C90}.Release|Any CPU.Build.0 = Release|Any CPU
	EndGlobalSection
	GlobalSection(SolutionProperties) = preSolution
		HideSolutionNode = FALSE
	EndGlobalSection
	GlobalSection(ExtensibilityGlobals) = postSolution
		SolutionGuid = {978141C2-51E7-458E-9C70-49F49FCD0AEF}
	EndGlobalSection
EndGlobal
